[root]
name = "gardengnomes"
version = "0.1.0"
dependencies = [
 "xmas-elf 0.3.0 (registry+https://github.com/rust-lang/crates.io-index)",
]

[[package]]
name = "xmas-elf"
version = "0.3.0"
source = "registry+https://github.com/rust-lang/crates.io-index"
dependencies = [
 "zero 0.1.2 (registry+https://github.com/rust-lang/crates.io-index)",
]

[[package]]
name = "zero"
version = "0.1.2"
source = "registry+https://github.com/rust-lang/crates.io-index"

[metadata]
"checksum xmas-elf 0.3.0 (registry+https://github.com/rust-lang/crates.io-index)" = "759bfa0300fef4cb3108880ba4965049c316c7acb27314b7df98dd94ae9f5d4e"
"checksum zero 0.1.2 (registry+https://github.com/rust-lang/crates.io-index)" = "5f1bc8a6b2005884962297587045002d8cfb8dcec9db332f4ca216ddc5de82c5"
